
Microsoft Visual Studio Solution File, Format Version 12.00
# Visual Studio Version 17
VisualStudioVersion = 17.13.35825.156
MinimumVisualStudioVersion = 10.0.40219.1
Project("{8BC9CEB8-8B4A-11D0-8D11-00A0C91BC942}") = "Lec04_Array_Class", "Lec04_Array\Lec04_Array.vcxproj", "{E883DFDB-142D-4794-9DC7-5A74621BCEF2}"
EndProject
Project("{8BC9CEB8-8B4A-11D0-8D11-00A0C91BC942}") = "Lec04_Class", "Lec04_class\Lec04_class.vcxproj", "{A3F41DEA-9D45-4B0D-AC76-414478C2C92A}"
EndProject
Global
	GlobalSection(SolutionConfigurationPlatforms) = preSolution
		Debug|x64 = Debug|x64
		Debug|x86 = Debug|x86
		Release|x64 = Release|x64
		Release|x86 = Release|x86
	EndGlobalSection
	GlobalSection(ProjectConfigurationPlatforms) = postSolution
		{E883DFDB-142D-4794-9DC7-5A74621BCEF2}.Debug|x64.ActiveCfg = Debug|x64
		{E883DFDB-142D-4794-9DC7-5A74621BCEF2}.Debug|x64.Build.0 = Debug|x64
		{E883DFDB-142D-4794-9DC7-5A74621BCEF2}.Debug|x86.ActiveCfg = Debug|Win32
		{E883DFDB-142D-4794-9DC7-5A74621BCEF2}.Debug|x86.Build.0 = Debug|Win32
		{E883DFDB-142D-4794-9DC7-5A74621BCEF2}.Release|x64.ActiveCfg = Release|x64
		{E883DFDB-142D-4794-9DC7-5A74621BCEF2}.Release|x64.Build.0 = Release|x64
		{E883DFDB-142D-4794-9DC7-5A74621BCEF2}.Release|x86.ActiveCfg = Release|Win32
		{E883DFDB-142D-4794-9DC7-5A74621BCEF2}.Release|x86.Build.0 = Release|Win32
		{A3F41DEA-9D45-4B0D-AC76-414478C2C92A}.Debug|x64.ActiveCfg = Debug|x64
		{A3F41DEA-9D45-4B0D-AC76-414478C2C92A}.Debug|x64.Build.0 = Debug|x64
		{A3F41DEA-9D45-4B0D-AC76-414478C2C92A}.Debug|x86.ActiveCfg = Debug|Win32
		{A3F41DEA-9D45-4B0D-AC76-414478C2C92A}.Debug|x86.Build.0 = Debug|Win32
		{A3F41DEA-9D45-4B0D-AC76-414478C2C92A}.Release|x64.ActiveCfg = Release|x64
		{A3F41DEA-9D45-4B0D-AC76-414478C2C92A}.Release|x64.Build.0 = Release|x64
		{A3F41DEA-9D45-4B0D-AC76-414478C2C92A}.Release|x86.ActiveCfg = Release|Win32
		{A3F41DEA-9D45-4B0D-AC76-414478C2C92A}.Release|x86.Build.0 = Release|Win32
	EndGlobalSection
	GlobalSection(SolutionProperties) = preSolution
		HideSolutionNode = FALSE
	EndGlobalSection
	GlobalSection(ExtensibilityGlobals) = postSolution
		SolutionGuid = {0CB5CE37-7838-46CD-A66C-D537BFF8A316}
	EndGlobalSection
EndGlobal
